{
  "nodes": {
    "assets": {
      "inputs": {
        "nixpkgs": [
          "nixpkgs"
        ]
      },
      "locked": {
        "lastModified": 1781281367,
        "narHash": "sha256-2A9iC3WWOcj/lWLysCGMxh1PBCW9sSnqT0rZ5TxX5Mo=",
        "ref": "refs/heads/master",
        "rev": "7afe8fdfa40549f506c31f2b315e43ceadc9ffa4",
        "revCount": 2,
        "type": "git",
        "url": "ssh://git@github.com/brandonboo2024/assets"
      },
      "original": {
        "type": "git",
        "url": "ssh://git@github.com/brandonboo2024/assets"
      }
    },
    "emacs-overlay": {
      "inputs": {
        "nixpkgs": [
          "nixpkgs"
        ],
        "nixpkgs-stable": "nixpkgs-stable"
      },
      "locked": {
        "lastModified": 1782557170,
        "narHash": "sha256-9E7D3SRCOkdFcPJMyNrgR8AhymNLYdhjmp6r6IE9BFw=",
        "owner": "nix-community",
        "repo": "emacs-overlay",
        "rev": "9f9cc155c00a8cfd5680dabf408816eaad4851d7",
        "type": "github"
      },
      "original": {
        "owner": "nix-community",
        "repo": "emacs-overlay",
        "type": "github"
      }
    },
    "home-manager": {
      "inputs": {
        "nixpkgs": [
          "nixpkgs"
        ]
      },
      "locked": {
        "lastModified": 1782522538,
        "narHash": "sha256-CvOaUvJ+mXlxU3m2cPWKcOAhtKETsPUYhq+Xa5ewBp4=",
        "owner": "nix-community",
        "repo": "home-manager",
        "rev": "8d8a6cc50ddc60748791a14ee1163c865ec57635",
        "type": "github"
      },
      "original": {
        "owner": "nix-community",
        "ref": "master",
        "repo": "home-manager",
        "type": "github"
      }
    },
    "nixpkgs": {
      "locked": {
        "lastModified": 1782467914,
        "narHash": "sha256-inDx/w70OSJoJPqtKh0BrzAsbZZhpya7YgS43jHnhwg=",
        "rev": "e73de5be04e0eff4190a1432b946d469c794e7b4",
        "type": "tarball",
        "url": "https://releases.nixos.org/nixos/unstable/nixos-26.11pre1022855.e73de5be04e0/nixexprs.tar.xz"
      },
      "original": {
        "id": "nixpkgs",
        "ref": "nixos-unstable",
        "type": "indirect"
      }
    },
    "nixpkgs-stable": {
      "locked": {
        "lastModified": 1782375420,
        "narHash": "sha256-wiPYmEuHbJvleW489n6+lamL7JSJg3pcKUYwURU9CkI=",
        "owner": "NixOS",
        "repo": "nixpkgs",
        "rev": "4062d36ebeae843c750011eef6b61ec9a9dbc9a9",
        "type": "github"
      },
      "original": {
        "owner": "NixOS",
        "ref": "nixos-26.05",
        "repo": "nixpkgs",
        "type": "github"
      }
    },
    "nixpkgs-stable_2": {
      "locked": {
        "lastModified": 1782335603,
        "narHash": "sha256-sZkQH1CkiZtdvcaLx4sGQD9Q9h+A8qB04DRpqQCN530=",
        "owner": "NixOS",
        "repo": "nixpkgs",
        "rev": "03c72920da828594fae523aaef96f33dff10b340",
        "type": "github"
      },
      "original": {
        "id": "nixpkgs",
        "ref": "nixos-25.11",
        "type": "indirect"
      }
    },
    "pi_flake": {
      "inputs": {
        "nixpkgs": [
          "nixpkgs"
        ]
      },
      "locked": {
        "lastModified": 1782578302,
        "narHash": "sha256-cupdZdOL5Zy2S8m5olFVhcOSzC1vKrUWOcLHLv+LlrY=",
        "owner": "brandonboo2024",
        "repo": "pi_flake",
        "rev": "4f9e1b2bc237af420a691a8f1f6bfcd1c4f29c9f",
        "type": "github"
      },
      "original": {
        "owner": "brandonboo2024",
        "repo": "pi_flake",
        "type": "github"
      }
    },
    "root": {
      "inputs": {
        "assets": "assets",
        "emacs-overlay": "emacs-overlay",
        "home-manager": "home-manager",
        "nixpkgs": "nixpkgs",
        "nixpkgs-stable": "nixpkgs-stable_2",
        "pi_flake": "pi_flake"
      }
    }
  },
  "root": "root",
  "version": 7
}
