{
  "nodes": {
    "assets": {
      "inputs": {
        "nixpkgs": [
          "nixpkgs"
        ]
      },
      "locked": {
        "lastModified": 1781281367,
        "narHash": "sha256-2A9iC3WWOcj/lWLysCGMxh1PBCW9sSnqT0rZ5TxX5Mo=",
        "ref": "refs/heads/master",
        "rev": "7afe8fdfa40549f506c31f2b315e43ceadc9ffa4",
        "revCount": 2,
        "type": "git",
        "url": "ssh://git@github.com/brandonboo2024/assets"
      },
      "original": {
        "type": "git",
        "url": "ssh://git@github.com/brandonboo2024/assets"
      }
    },
    "claude": {
      "inputs": {
        "nixpkgs": [
          "nixpkgs"
        ],
        "systems": "systems"
      },
      "locked": {
        "lastModified": 1788303707,
        "narHash": "sha256-ICEHLJAM480kNrsOQ+DPWWV3XFJUDc6/n/PPcjAuRR8=",
        "owner": "sadjow",
        "repo": "claude-code-nix",
        "rev": "7f0aeb2f0c6cf1ca2bf3b0b76b823b24b04b5b21",
        "type": "github"
      },
      "original": {
        "owner": "sadjow",
        "repo": "claude-code-nix",
        "type": "github"
      }
    },
    "codex": {
      "inputs": {
        "flake-utils": "flake-utils",
        "nixpkgs": [
          "nixpkgs"
        ]
      },
      "locked": {
        "lastModified": 1788304374,
        "narHash": "sha256-K5JXIpkGEj2QXnapaeWsQJ9Io00N7Sf8p+ym9yAtx88=",
        "owner": "sadjow",
        "repo": "codex-cli-nix",
        "rev": "bde8e6641e076855e84e47b5e4b5ff4a106004bc",
        "type": "github"
      },
      "original": {
        "owner": "sadjow",
        "repo": "codex-cli-nix",
        "type": "github"
      }
    },
    "emacs-overlay": {
      "inputs": {
        "nixpkgs": [
          "nixpkgs"
        ],
        "nixpkgs-stable": "nixpkgs-stable"
      },
      "locked": {
        "lastModified": 1788319806,
        "narHash": "sha256-uCeXPTIPqiAS8oGxlnhpAoqLG9wj5Z1FBJ8X3TeEvvI=",
        "owner": "nix-community",
        "repo": "emacs-overlay",
        "rev": "3e7423c0a033f76f675f8d16fe78a54b7dc5eb3c",
        "type": "github"
      },
      "original": {
        "owner": "nix-community",
        "repo": "emacs-overlay",
        "type": "github"
      }
    },
    "flake-utils": {
      "inputs": {
        "systems": "systems_2"
      },
      "locked": {
        "lastModified": 1731533236,
        "narHash": "sha256-l0KFg5HjrsfsO/JpG+r7fRrqm12kzFHyUHqHCVpMMbI=",
        "owner": "numtide",
        "repo": "flake-utils",
        "rev": "11707dc2f618dd54ca8739b309ec4fc024de578b",
        "type": "github"
      },
      "original": {
        "owner": "numtide",
        "repo": "flake-utils",
        "type": "github"
      }
    },
    "home-manager": {
      "inputs": {
        "nixpkgs": [
          "nixpkgs"
        ]
      },
      "locked": {
        "lastModified": 1788317453,
        "narHash": "sha256-BTVJDWIuGa5ffxQEG5WujOOm3eXPw3gZX42Wvm32gb8=",
        "owner": "nix-community",
        "repo": "home-manager",
        "rev": "b8350fcdf54ccf553e46408053b1ac5b7038c18b",
        "type": "github"
      },
      "original": {
        "owner": "nix-community",
        "ref": "master",
        "repo": "home-manager",
        "type": "github"
      }
    },
    "nixpkgs": {
      "locked": {
        "lastModified": 1788179007,
        "narHash": "sha256-maQBa7XmWJ+a6te4QwF++R1FIXUrjvki0AtGOOhyZn0=",
        "rev": "34ab99075ac4f7e40cf037eef32cb1c360bb85e9",
        "type": "tarball",
        "url": "https://releases.nixos.org/nixos/unstable/nixos-26.11pre1064949.34ab99075ac4/nixexprs.tar.xz"
      },
      "original": {
        "id": "nixpkgs",
        "ref": "nixos-unstable",
        "type": "indirect"
      }
    },
    "nixpkgs-kernel": {
      "locked": {
        "lastModified": 1785571196,
        "narHash": "sha256-KoTsyMQqnXQZq8deCEnu4QkyldkwH/bpMMhUcfMdGIw=",
        "owner": "NixOS",
        "repo": "nixpkgs",
        "rev": "148bab9c1c3c53136ecb44a6ea356a0ed5b39b06",
        "type": "github"
      },
      "original": {
        "owner": "NixOS",
        "repo": "nixpkgs",
        "rev": "148bab9c1c3c53136ecb44a6ea356a0ed5b39b06",
        "type": "github"
      }
    },
    "nixpkgs-stable": {
      "locked": {
        "lastModified": 1788187754,
        "narHash": "sha256-bu1QxmXKmPuvBLN7bHP355OV9Qo13x9WCiRDH62CqRM=",
        "owner": "NixOS",
        "repo": "nixpkgs",
        "rev": "5dfba6236110080a54247d6460bc2ff5dda939cc",
        "type": "github"
      },
      "original": {
        "owner": "NixOS",
        "ref": "nixos-26.05",
        "repo": "nixpkgs",
        "type": "github"
      }
    },
    "nixpkgs-stable_2": {
      "locked": {
        "lastModified": 1782847189,
        "narHash": "sha256-twXPFqFsrrY5r28Zh7Homgcp2gUMBgQ6WDS98Q/3xFI=",
        "owner": "NixOS",
        "repo": "nixpkgs",
        "rev": "b6018f87da91d19d0ab4cf979885689b469cdd41",
        "type": "github"
      },
      "original": {
        "id": "nixpkgs",
        "ref": "nixos-25.11",
        "type": "indirect"
      }
    },
    "pi_flake": {
      "inputs": {
        "nixpkgs": [
          "nixpkgs"
        ]
      },
      "locked": {
        "lastModified": 1786542368,
        "narHash": "sha256-RBJR2rL/WvbqMyuxpvZ8d2ps9Gcq4mb0KxN/7383eLk=",
        "owner": "brandonboo2024",
        "repo": "pi_flake",
        "rev": "78ea107074638c7bc670a21e41c642fa24bd6ff8",
        "type": "github"
      },
      "original": {
        "owner": "brandonboo2024",
        "repo": "pi_flake",
        "type": "github"
      }
    },
    "root": {
      "inputs": {
        "assets": "assets",
        "claude": "claude",
        "codex": "codex",
        "emacs-overlay": "emacs-overlay",
        "home-manager": "home-manager",
        "nixpkgs": "nixpkgs",
        "nixpkgs-kernel": "nixpkgs-kernel",
        "nixpkgs-stable": "nixpkgs-stable_2",
        "pi_flake": "pi_flake"
      }
    },
    "systems": {
      "locked": {
        "lastModified": 1681028828,
        "narHash": "sha256-Vy1rq5AaRuLzOxct8nz4T6wlgyUR7zLU309k9mBC768=",
        "owner": "nix-systems",
        "repo": "default",
        "rev": "da67096a3b9bf56a91d16901293e51ba5b49a27e",
        "type": "github"
      },
      "original": {
        "owner": "nix-systems",
        "repo": "default",
        "type": "github"
      }
    },
    "systems_2": {
      "locked": {
        "lastModified": 1681028828,
        "narHash": "sha256-Vy1rq5AaRuLzOxct8nz4T6wlgyUR7zLU309k9mBC768=",
        "owner": "nix-systems",
        "repo": "default",
        "rev": "da67096a3b9bf56a91d16901293e51ba5b49a27e",
        "type": "github"
      },
      "original": {
        "owner": "nix-systems",
        "repo": "default",
        "type": "github"
      }
    }
  },
  "root": "root",
  "version": 7
}
